// !$*UTF8*$!
{
	archiveVersion = 1;
	classes = {
	};
	objectVersion = 50;
	objects = {

/* Begin PBXBuildFile section */
		DE3A8C1C26427496009A035E /* EntryTableViewCell.swift in Sources */ = {isa = PBXBuildFile; fileRef = DE3A8C1B26427496009A035E /* EntryTableViewCell.swift */; };
		DECFAB6F2594972500872843 /* AppDelegate.swift in Sources */ = {isa = PBXBuildFile; fileRef = DECFAB6E2594972500872843 /* AppDelegate.swift */; };
		DECFAB712594972500872843 /* SceneDelegate.swift in Sources */ = {isa = PBXBuildFile; fileRef = DECFAB702594972500872843 /* SceneDelegate.swift */; };
		DECFAB762594972500872843 /* Main.storyboard in Resources */ = {isa = PBXBuildFile; fileRef = DECFAB742594972500872843 /* Main.storyboard */; };
		DECFAB792594972500872843 /* Daily_Journal.xcdatamodeld in Sources */ = {isa = PBXBuildFile; fileRef = DECFAB772594972500872843 /* Daily_Journal.xcdatamodeld */; };
		DECFAB7B2594972700872843 /* Assets.xcassets in Resources */ = {isa = PBXBuildFile; fileRef = DECFAB7A2594972700872843 /* Assets.xcassets */; };
		DECFAB7E2594972700872843 /* LaunchScreen.storyboard in Resources */ = {isa = PBXBuildFile; fileRef = DECFAB7C2594972700872843 /* LaunchScreen.storyboard */; };
		DECFAB8A2599CD8900872843 /* EntriesTableViewController.swift in Sources */ = {isa = PBXBuildFile; fileRef = DECFAB892599CD8900872843 /* EntriesTableViewController.swift */; };
		DECFAB8E2599CE3E00872843 /* EntryViewController.swift in Sources */ = {isa = PBXBuildFile; fileRef = DECFAB8D2599CE3E00872843 /* EntryViewController.swift */; };
		DECFAB95259B04E600872843 /* Entry+CoreDataClass.swift in Sources */ = {isa = PBXBuildFile; fileRef = DECFAB93259B04E600872843 /* Entry+CoreDataClass.swift */; };
		DECFAB96259B04E600872843 /* Entry+CoreDataProperties.swift in Sources */ = {isa = PBXBuildFile; fileRef = DECFAB94259B04E600872843 /* Entry+CoreDataProperties.swift */; };
/* End PBXBuildFile section */

/* Begin PBXFileReference section */
		DE3A8C1B26427496009A035E /* EntryTableViewCell.swift */ = {isa = PBXFileReference; lastKnownFileType = sourcecode.swift; path = EntryTableViewCell.swift; sourceTree = "<group>"; };
		DECFAB6B2594972500872843 /* Daily Journal.app */ = {isa = PBXFileReference; explicitFileType = wrapper.application; includeInIndex = 0; path = "Daily Journal.app"; sourceTree = BUILT_PRODUCTS_DIR; };
		DECFAB6E2594972500872843 /* AppDelegate.swift */ = {isa = PBXFileReference; lastKnownFileType = sourcecode.swift; path = AppDelegate.swift; sourceTree = "<group>"; };
		DECFAB702594972500872843 /* SceneDelegate.swift */ = {isa = PBXFileReference; lastKnownFileType = sourcecode.swift; path = SceneDelegate.swift; sourceTree = "<group>"; };
		DECFAB752594972500872843 /* Base */ = {isa = PBXFileReference; lastKnownFileType = file.storyboard; name = Base; path = Base.lproj/Main.storyboard; sourceTree = "<group>"; };
		DECFAB782594972500872843 /* Daily_Journal.xcdatamodel */ = {isa = PBXFileReference; lastKnownFileType = wrapper.xcdatamodel; path = Daily_Journal.xcdatamodel; sourceTree = "<group>"; };
		DECFAB7A2594972700872843 /* Assets.xcassets */ = {isa = PBXFileReference; lastKnownFileType = folder.assetcatalog; path = Assets.xcassets; sourceTree = "<group>"; };
		DECFAB7D2594972700872843 /* Base */ = {isa = PBXFileReference; lastKnownFileType = file.storyboard; name = Base; path = Base.lproj/LaunchScreen.storyboard; sourceTree = "<group>"; };
		DECFAB7F2594972700872843 /* Info.plist */ = {isa = PBXFileReference; lastKnownFileType = text.plist.xml; path = Info.plist; sourceTree = "<group>"; };
		DECFAB892599CD8900872843 /* EntriesTableViewController.swift */ = {isa = PBXFileReference; lastKnownFileType = sourcecode.swift; path = EntriesTableViewController.swift; sourceTree = "<group>"; };
		DECFAB8D2599CE3E00872843 /* EntryViewController.swift */ = {isa = PBXFileReference; lastKnownFileType = sourcecode.swift; path = EntryViewController.swift; sourceTree = "<group>"; };
		DECFAB93259B04E600872843 /* Entry+CoreDataClass.swift */ = {isa = PBXFileReference; lastKnownFileType = sourcecode.swift; path = "Entry+CoreDataClass.swift"; sourceTree = "<group>"; };
		DECFAB94259B04E600872843 /* Entry+CoreDataProperties.swift */ = {isa = PBXFileReference; lastKnownFileType = sourcecode.swift; path = "Entry+CoreDataProperties.swift"; sourceTree = "<group>"; };
/* End PBXFileReference section */

/* Begin PBXFrameworksBuildPhase section */
		DECFAB682594972500872843 /* Frameworks */ = {
			isa = PBXFrameworksBuildPhase;
			buildActionMask = 2147483647;
			files = (
			);
			runOnlyForDeploymentPostprocessing = 0;
		};
/* End PBXFrameworksBuildPhase section */

/* Begin PBXGroup section */
		DECFAB622594972500872843 = {
			isa = PBXGroup;
			children = (
				DECFAB6D2594972500872843 /* Daily Journal */,
				DECFAB6C2594972500872843 /* Products */,
			);
			sourceTree = "<group>";
		};
		DECFAB6C2594972500872843 /* Products */ = {
			isa = PBXGroup;
			children = (
				DECFAB6B2594972500872843 /* Daily Journal.app */,
			);
			name = Products;
			sourceTree = "<group>";
		};
		DECFAB6D2594972500872843 /* Daily Journal */ = {
			isa = PBXGroup;
			children = (
				DECFAB6E2594972500872843 /* AppDelegate.swift */,
				DECFAB702594972500872843 /* SceneDelegate.swift */,
				DECFAB892599CD8900872843 /* EntriesTableViewController.swift */,
				DE3A8C1B26427496009A035E /* EntryTableViewCell.swift */,
				DECFAB8D2599CE3E00872843 /* EntryViewController.swift */,
				DECFAB93259B04E600872843 /* Entry+CoreDataClass.swift */,
				DECFAB94259B04E600872843 /* Entry+CoreDataProperties.swift */,
				DECFAB742594972500872843 /* Main.storyboard */,
				DECFAB7A2594972700872843 /* Assets.xcassets */,
				DECFAB7C2594972700872843 /* LaunchScreen.storyboard */,
				DECFAB7F2594972700872843 /* Info.plist */,
				DECFAB772594972500872843 /* Daily_Journal.xcdatamodeld */,
			);
			path = "Daily Journal";
			sourceTree = "<group>";
		};
/* End PBXGroup section */

/* Begin PBXNativeTarget section */
		DECFAB6A2594972500872843 /* Daily Journal */ = {
			isa = PBXNativeTarget;
			buildConfigurationList = DECFAB822594972700872843 /* Build configuration list for PBXNativeTarget "Daily Journal" */;
			buildPhases = (
				DECFAB672594972500872843 /* Sources */,
				DECFAB682594972500872843 /* Frameworks */,
				DECFAB692594972500872843 /* Resources */,
			);
			buildRules = (
			);
			dependencies = (
			);
			name = "Daily Journal";
			productName = "Daily Journal";
			productReference = DECFAB6B2594972500872843 /* Daily Journal.app */;
			productType = "com.apple.product-type.application";
		};
/* End PBXNativeTarget section */

/* Begin PBXProject section */
		DECFAB632594972500872843 /* Project object */ = {
			isa = PBXProject;
			attributes = {
				LastSwiftUpdateCheck = 1200;
				LastUpgradeCheck = 1200;
				TargetAttributes = {
					DECFAB6A2594972500872843 = {
						CreatedOnToolsVersion = 12.0.1;
					};
				};
			};
			buildConfigurationList = DECFAB662594972500872843 /* Build configuration list for PBXProject "Daily Journal" */;
			compatibilityVersion = "Xcode 9.3";
			developmentRegion = en;
			hasScannedForEncodings = 0;
			knownRegions = (
				en,
				Base,
			);
			mainGroup = DECFAB622594972500872843;
			productRefGroup = DECFAB6C2594972500872843 /* Products */;
			projectDirPath = "";
			projectRoot = "";
			targets = (
				DECFAB6A2594972500872843 /* Daily Journal */,
			);
		};
/* End PBXProject section */

/* Begin PBXResourcesBuildPhase section */
		DECFAB692594972500872843 /* Resources */ = {
			isa = PBXResourcesBuildPhase;
			buildActionMask = 2147483647;
			files = (
				DECFAB7E2594972700872843 /* LaunchScreen.storyboard in Resources */,
				DECFAB7B2594972700872843 /* Assets.xcassets in Resources */,
				DECFAB762594972500872843 /* Main.storyboard in Resources */,
			);
			runOnlyForDeploymentPostprocessing = 0;
		};
/* End PBXResourcesBuildPhase section */

/* Begin PBXSourcesBuildPhase section */
		DECFAB672594972500872843 /* Sources */ = {
			isa = PBXSourcesBuildPhase;
			buildActionMask = 2147483647;
			files = (
				DE3A8C1C26427496009A035E /* EntryTableViewCell.swift in Sources */,
				DECFAB8A2599CD8900872843 /* EntriesTableViewController.swift in Sources */,
				DECFAB96259B04E600872843 /* Entry+CoreDataProperties.swift in Sources */,
				DECFAB8E2599CE3E00872843 /* EntryViewController.swift in Sources */,
				DECFAB6F2594972500872843 /* AppDelegate.swift in Sources */,
				DECFAB712594972500872843 /* SceneDelegate.swift in Sources */,
				DECFAB95259B04E600872843 /* Entry+CoreDataClass.swift in Sources */,
				DECFAB792594972500872843 /* Daily_Journal.xcdatamodeld in Sources */,
			);
			runOnlyForDeploymentPostprocessing = 0;
		};
/* End PBXSourcesBuildPhase section */

/* Begin PBXVariantGroup section */
		DECFAB742594972500872843 /* Main.storyboard */ = {
			isa = PBXVariantGroup;
			children = (
				DECFAB752594972500872843 /* Base */,
			);
			name = Main.storyboard;
			sourceTree = "<group>";
		};
		DECFAB7C2594972700872843 /* LaunchScreen.storyboard */ = {
			isa = PBXVariantGroup;
			children = (
				DECFAB7D2594972700872843 /* Base */,
			);
			name = LaunchScreen.storyboard;
			sourceTree = "<group>";
		};
/* End PBXVariantGroup section */

/* Begin XCBuildConfiguration section */
		DECFAB802594972700872843 /* Debug */ = {
			isa = XCBuildConfiguration;
			buildSettings = {
				ALWAYS_SEARCH_USER_PATHS = NO;
				CLANG_ANALYZER_NONNULL = YES;
				CLANG_ANALYZER_NUMBER_OBJECT_CONVERSION = YES_AGGRESSIVE;
				CLANG_CXX_LANGUAGE_STANDARD = "gnu++14";
				CLANG_CXX_LIBRARY = "libc++";
				CLANG_ENABLE_MODULES = YES;
				CLANG_ENABLE_OBJC_ARC = YES;
				CLANG_ENABLE_OBJC_WEAK = YES;
				CLANG_WARN_BLOCK_CAPTURE_AUTORELEASING = YES;
				CLANG_WARN_BOOL_CONVERSION = YES;
				CLANG_WARN_COMMA = YES;
				CLANG_WARN_CONSTANT_CONVERSION = YES;
				CLANG_WARN_DEPRECATED_OBJC_IMPLEMENTATIONS = YES;
				CLANG_WARN_DIRECT_OBJC_ISA_USAGE = YES_ERROR;
				CLANG_WARN_DOCUMENTATION_COMMENTS = YES;
				CLANG_WARN_EMPTY_BODY = YES;
				CLANG_WARN_ENUM_CONVERSION = YES;
				CLANG_WARN_INFINITE_RECURSION = YES;
				CLANG_WARN_INT_CONVERSION = YES;
				CLANG_WARN_NON_LITERAL_NULL_CONVERSION = YES;
				CLANG_WARN_OBJC_IMPLICIT_RETAIN_SELF = YES;
				CLANG_WARN_OBJC_LITERAL_CONVERSION = YES;
				CLANG_WARN_OBJC_ROOT_CLASS = YES_ERROR;
				CLANG_WARN_QUOTED_INCLUDE_IN_FRAMEWORK_HEADER = YES;
				CLANG_WARN_RANGE_LOOP_ANALYSIS = YES;
				CLANG_WARN_STRICT_PROTOTYPES = YES;
				CLANG_WARN_SUSPICIOUS_MOVE = YES;
				CLANG_WARN_UNGUARDED_AVAILABILITY = YES_AGGRESSIVE;
				CLANG_WARN_UNREACHABLE_CODE = YES;
				CLANG_WARN__DUPLICATE_METHOD_MATCH = YES;
				COPY_PHASE_STRIP = NO;
				DEBUG_INFORMATION_FORMAT = dwarf;
				ENABLE_STRICT_OBJC_MSGSEND = YES;
				ENABLE_TESTABILITY = YES;
				GCC_C_LANGUAGE_STANDARD = gnu11;
				GCC_DYNAMIC_NO_PIC = NO;
				GCC_NO_COMMON_BLOCKS = YES;
				GCC_OPTIMIZATION_LEVEL = 0;
				GCC_PREPROCESSOR_DEFINITIONS = (
					"DEBUG=1",
					"$(inherited)",
				);
				GCC_WARN_64_TO_32_BIT_CONVERSION = YES;
				GCC_WARN_ABOUT_RETURN_TYPE = YES_ERROR;
				GCC_WARN_UNDECLARED_SELECTOR = YES;
				GCC_WARN_UNINITIALIZED_AUTOS = YES_AGGRESSIVE;
				GCC_WARN_UNUSED_FUNCTION = YES;
				GCC_WARN_UNUSED_VARIABLE = YES;
				IPHONEOS_DEPLOYMENT_TARGET = 14.0;
				MTL_ENABLE_DEBUG_INFO = INCLUDE_SOURCE;
				MTL_FAST_MATH = YES;
				ONLY_ACTIVE_ARCH = YES;
				SDKROOT = iphoneos;
				SWIFT_ACTIVE_COMPILATION_CONDITIONS = DEBUG;
				SWIFT_OPTIMIZATION_LEVEL = "-Onone";
			};
			name = Debug;
		};
		DECFAB812594972700872843 /* Release */ = {
			isa = XCBuildConfiguration;
			buildSettings = {
				ALWAYS_SEARCH_USER_PATHS = NO;
				CLANG_ANALYZER_NONNULL = YES;
				CLANG_ANALYZER_NUMBER_OBJECT_CONVERSION = YES_AGGRESSIVE;
				CLANG_CXX_LANGUAGE_STANDARD = "gnu++14";
				CLANG_CXX_LIBRARY = "libc++";
				CLANG_ENABLE_MODULES = YES;
				CLANG_ENABLE_OBJC_ARC = YES;
				CLANG_ENABLE_OBJC_WEAK = YES;
				CLANG_WARN_BLOCK_CAPTURE_AUTORELEASING = YES;
				CLANG_WARN_BOOL_CONVERSION = YES;
				CLANG_WARN_COMMA = YES;
				CLANG_WARN_CONSTANT_CONVERSION = YES;
				CLANG_WARN_DEPRECATED_OBJC_IMPLEMENTATIONS = YES;
				CLANG_WARN_DIRECT_OBJC_ISA_USAGE = YES_ERROR;
				CLANG_WARN_DOCUMENTATION_COMMENTS = YES;
				CLANG_WARN_EMPTY_BODY = YES;
				CLANG_WARN_ENUM_CONVERSION = YES;
				CLANG_WARN_INFINITE_RECURSION = YES;
				CLANG_WARN_INT_CONVERSION = YES;
				CLANG_WARN_NON_LITERAL_NULL_CONVERSION = YES;
				CLANG_WARN_OBJC_IMPLICIT_RETAIN_SELF = YES;
				CLANG_WARN_OBJC_LITERAL_CONVERSION = YES;
				CLANG_WARN_OBJC_ROOT_CLASS = YES_ERROR;
				CLANG_WARN_QUOTED_INCLUDE_IN_FRAMEWORK_HEADER = YES;
				CLANG_WARN_RANGE_LOOP_ANALYSIS = YES;
				CLANG_WARN_STRICT_PROTOTYPES = YES;
				CLANG_WARN_SUSPICIOUS_MOVE = YES;
				CLANG_WARN_UNGUARDED_AVAILABILITY = YES_AGGRESSIVE;
				CLANG_WARN_UNREACHABLE_CODE = YES;
				CLANG_WARN__DUPLICATE_METHOD_MATCH = YES;
				COPY_PHASE_STRIP = NO;
				DEBUG_INFORMATION_FORMAT = "dwarf-with-dsym";
				ENABLE_NS_ASSERTIONS = NO;
				ENABLE_STRICT_OBJC_MSGSEND = YES;
				GCC_C_LANGUAGE_STANDARD = gnu11;
				GCC_NO_COMMON_BLOCKS = YES;
				GCC_WARN_64_TO_32_BIT_CONVERSION = YES;
				GCC_WARN_ABOUT_RETURN_TYPE = YES_ERROR;
				GCC_WARN_UNDECLARED_SELECTOR = YES;
				GCC_WARN_UNINITIALIZED_AUTOS = YES_AGGRESSIVE;
				GCC_WARN_UNUSED_FUNCTION = YES;
				GCC_WARN_UNUSED_VARIABLE = YES;
				IPHONEOS_DEPLOYMENT_TARGET = 14.0;
				MTL_ENABLE_DEBUG_INFO = NO;
				MTL_FAST_MATH = YES;
				SDKROOT = iphoneos;
				SWIFT_COMPILATION_MODE = wholemodule;
				SWIFT_OPTIMIZATION_LEVEL = "-O";
				VALIDATE_PRODUCT = YES;
			};
			name = Release;
		};
		DECFAB832594972700872843 /* Debug */ = {
			isa = XCBuildConfiguration;
			buildSettings = {
				ASSETCATALOG_COMPILER_APPICON_NAME = AppIcon;
				ASSETCATALOG_COMPILER_GLOBAL_ACCENT_COLOR_NAME = AccentColor;
				CODE_SIGN_STYLE = Automatic;
				DEVELOPMENT_TEAM = R224JS2W63;
				INFOPLIST_FILE = "Daily Journal/Info.plist";
				LD_RUNPATH_SEARCH_PATHS = (
					"$(inherited)",
					"@executable_path/Frameworks",
				);
				PRODUCT_BUNDLE_IDENTIFIER = "com.waltz4debby.Daily-Journal";
				PRODUCT_NAME = "$(TARGET_NAME)";
				SWIFT_VERSION = 5.0;
				TARGETED_DEVICE_FAMILY = "1,2";
			};
			name = Debug;
		};
		DECFAB842594972700872843 /* Release */ = {
			isa = XCBuildConfiguration;
			buildSettings = {
				ASSETCATALOG_COMPILER_APPICON_NAME = AppIcon;
				ASSETCATALOG_COMPILER_GLOBAL_ACCENT_COLOR_NAME = AccentColor;
				CODE_SIGN_STYLE = Automatic;
				DEVELOPMENT_TEAM = R224JS2W63;
				INFOPLIST_FILE = "Daily Journal/Info.plist";
				LD_RUNPATH_SEARCH_PATHS = (
					"$(inherited)",
					"@executable_path/Frameworks",
				);
				PRODUCT_BUNDLE_IDENTIFIER = "com.waltz4debby.Daily-Journal";
				PRODUCT_NAME = "$(TARGET_NAME)";
				SWIFT_VERSION = 5.0;
				TARGETED_DEVICE_FAMILY = "1,2";
			};
			name = Release;
		};
/* End XCBuildConfiguration section */

/* Begin XCConfigurationList section */
		DECFAB662594972500872843 /* Build configuration list for PBXProject "Daily Journal" */ = {
			isa = XCConfigurationList;
			buildConfigurations = (
				DECFAB802594972700872843 /* Debug */,
				DECFAB812594972700872843 /* Release */,
			);
			defaultConfigurationIsVisible = 0;
			defaultConfigurationName = Release;
		};
		DECFAB822594972700872843 /* Build configuration list for PBXNativeTarget "Daily Journal" */ = {
			isa = XCConfigurationList;
			buildConfigurations = (
				DECFAB832594972700872843 /* Debug */,
				DECFAB842594972700872843 /* Release */,
			);
			defaultConfigurationIsVisible = 0;
			defaultConfigurationName = Release;
		};
/* End XCConfigurationList section */

/* Begin XCVersionGroup section */
		DECFAB772594972500872843 /* Daily_Journal.xcdatamodeld */ = {
			isa = XCVersionGroup;
			children = (
				DECFAB782594972500872843 /* Daily_Journal.xcdatamodel */,
			);
			currentVersion = DECFAB782594972500872843 /* Daily_Journal.xcdatamodel */;
			path = Daily_Journal.xcdatamodeld;
			sourceTree = "<group>";
			versionGroupType = wrapper.xcdatamodel;
		};
/* End XCVersionGroup section */
	};
	rootObject = DECFAB632594972500872843 /* Project object */;
}
